// !$*UTF8*$!
{
	archiveVersion = 1;
	classes = {
	};
	objectVersion = 46;
	objects = {

/* Begin PBXBuildFile section */
		9D3750D01E7C5BDC007F80B2 /* AppDelegate.swift in Sources */ = {isa = PBXBuildFile; fileRef = 9D3750CF1E7C5BDC007F80B2 /* AppDelegate.swift */; };
		9D3750D51E7C5BDC007F80B2 /* Main.storyboard in Resources */ = {isa = PBXBuildFile; fileRef = 9D3750D31E7C5BDC007F80B2 /* Main.storyboard */; };
		9D3750D71E7C5BDC007F80B2 /* Assets.xcassets in Resources */ = {isa = PBXBuildFile; fileRef = 9D3750D61E7C5BDC007F80B2 /* Assets.xcassets */; };
		9D3750DA1E7C5BDC007F80B2 /* LaunchScreen.storyboard in Resources */ = {isa = PBXBuildFile; fileRef = 9D3750D81E7C5BDC007F80B2 /* LaunchScreen.storyboard */; };
		9D3750E21E7C5CCB007F80B2 /* MapViewController.swift in Sources */ = {isa = PBXBuildFile; fileRef = 9D3750E11E7C5CCB007F80B2 /* MapViewController.swift */; };
		9D3750E71E7C5FBF007F80B2 /* CoverMapTableView.swift in Sources */ = {isa = PBXBuildFile; fileRef = 9D3750E61E7C5FBF007F80B2 /* CoverMapTableView.swift */; };
		9D3750E91E7C600C007F80B2 /* AddressSearchBar.swift in Sources */ = {isa = PBXBuildFile; fileRef = 9D3750E81E7C600C007F80B2 /* AddressSearchBar.swift */; };
		9D3750ED1E7C64DC007F80B2 /* TranslinkLineCell.swift in Sources */ = {isa = PBXBuildFile; fileRef = 9D3750EC1E7C64DC007F80B2 /* TranslinkLineCell.swift */; };
		9D38573F1E8041C7000C4C6A /* TransitLine.swift in Sources */ = {isa = PBXBuildFile; fileRef = 9D38573E1E8041C7000C4C6A /* TransitLine.swift */; };
		9D3857411E805941000C4C6A /* Constants.swift in Sources */ = {isa = PBXBuildFile; fileRef = 9D3857401E805941000C4C6A /* Constants.swift */; };
		9D3857431E805998000C4C6A /* APIManager.swift in Sources */ = {isa = PBXBuildFile; fileRef = 9D3857421E805998000C4C6A /* APIManager.swift */; };
		9D3857451E8065A2000C4C6A /* BusStop.swift in Sources */ = {isa = PBXBuildFile; fileRef = 9D3857441E8065A2000C4C6A /* BusStop.swift */; };
		9D3857471E8065C2000C4C6A /* TransitStop.swift in Sources */ = {isa = PBXBuildFile; fileRef = 9D3857461E8065C2000C4C6A /* TransitStop.swift */; };
		9D3857491E809364000C4C6A /* BusStopLocAnnotation.swift in Sources */ = {isa = PBXBuildFile; fileRef = 9D3857481E809364000C4C6A /* BusStopLocAnnotation.swift */; };
		9D38574B1E80AC82000C4C6A /* TransitSchedule.swift in Sources */ = {isa = PBXBuildFile; fileRef = 9D38574A1E80AC82000C4C6A /* TransitSchedule.swift */; };
		9D38574D1E819B1D000C4C6A /* TransitEstimateCell.swift in Sources */ = {isa = PBXBuildFile; fileRef = 9D38574C1E819B1D000C4C6A /* TransitEstimateCell.swift */; };
		B9FB91282A7CF8614F519844 /* Pods_TranslinkGo.framework in Frameworks */ = {isa = PBXBuildFile; fileRef = 70070EB5B2F85E9C6445C40E /* Pods_TranslinkGo.framework */; };
/* End PBXBuildFile section */

/* Begin PBXFileReference section */
		70070EB5B2F85E9C6445C40E /* Pods_TranslinkGo.framework */ = {isa = PBXFileReference; explicitFileType = wrapper.framework; includeInIndex = 0; path = Pods_TranslinkGo.framework; sourceTree = BUILT_PRODUCTS_DIR; };
		9D3750CC1E7C5BDC007F80B2 /* TranslinkGo.app */ = {isa = PBXFileReference; explicitFileType = wrapper.application; includeInIndex = 0; path = TranslinkGo.app; sourceTree = BUILT_PRODUCTS_DIR; };
		9D3750CF1E7C5BDC007F80B2 /* AppDelegate.swift */ = {isa = PBXFileReference; lastKnownFileType = sourcecode.swift; path = AppDelegate.swift; sourceTree = "<group>"; };
		9D3750D41E7C5BDC007F80B2 /* Base */ = {isa = PBXFileReference; lastKnownFileType = file.storyboard; name = Base; path = Base.lproj/Main.storyboard; sourceTree = "<group>"; };
		9D3750D61E7C5BDC007F80B2 /* Assets.xcassets */ = {isa = PBXFileReference; lastKnownFileType = folder.assetcatalog; path = Assets.xcassets; sourceTree = "<group>"; };
		9D3750D91E7C5BDC007F80B2 /* Base */ = {isa = PBXFileReference; lastKnownFileType = file.storyboard; name = Base; path = Base.lproj/LaunchScreen.storyboard; sourceTree = "<group>"; };
		9D3750DB1E7C5BDC007F80B2 /* Info.plist */ = {isa = PBXFileReference; lastKnownFileType = text.plist.xml; path = Info.plist; sourceTree = "<group>"; };
		9D3750E11E7C5CCB007F80B2 /* MapViewController.swift */ = {isa = PBXFileReference; fileEncoding = 4; lastKnownFileType = sourcecode.swift; path = MapViewController.swift; sourceTree = "<group>"; };
		9D3750E61E7C5FBF007F80B2 /* CoverMapTableView.swift */ = {isa = PBXFileReference; fileEncoding = 4; lastKnownFileType = sourcecode.swift; path = CoverMapTableView.swift; sourceTree = "<group>"; };
		9D3750E81E7C600C007F80B2 /* AddressSearchBar.swift */ = {isa = PBXFileReference; fileEncoding = 4; lastKnownFileType = sourcecode.swift; path = AddressSearchBar.swift; sourceTree = "<group>"; };
		9D3750EC1E7C64DC007F80B2 /* TranslinkLineCell.swift */ = {isa = PBXFileReference; fileEncoding = 4; lastKnownFileType = sourcecode.swift; path = TranslinkLineCell.swift; sourceTree = "<group>"; };
		9D38573E1E8041C7000C4C6A /* TransitLine.swift */ = {isa = PBXFileReference; fileEncoding = 4; lastKnownFileType = sourcecode.swift; path = TransitLine.swift; sourceTree = "<group>"; };
		9D3857401E805941000C4C6A /* Constants.swift */ = {isa = PBXFileReference; fileEncoding = 4; lastKnownFileType = sourcecode.swift; path = Constants.swift; sourceTree = "<group>"; };
		9D3857421E805998000C4C6A /* APIManager.swift */ = {isa = PBXFileReference; fileEncoding = 4; lastKnownFileType = sourcecode.swift; path = APIManager.swift; sourceTree = "<group>"; };
		9D3857441E8065A2000C4C6A /* BusStop.swift */ = {isa = PBXFileReference; fileEncoding = 4; lastKnownFileType = sourcecode.swift; path = BusStop.swift; sourceTree = "<group>"; };
		9D3857461E8065C2000C4C6A /* TransitStop.swift */ = {isa = PBXFileReference; fileEncoding = 4; lastKnownFileType = sourcecode.swift; path = TransitStop.swift; sourceTree = "<group>"; };
		9D3857481E809364000C4C6A /* BusStopLocAnnotation.swift */ = {isa = PBXFileReference; fileEncoding = 4; lastKnownFileType = sourcecode.swift; path = BusStopLocAnnotation.swift; sourceTree = "<group>"; };
		9D38574A1E80AC82000C4C6A /* TransitSchedule.swift */ = {isa = PBXFileReference; fileEncoding = 4; lastKnownFileType = sourcecode.swift; path = TransitSchedule.swift; sourceTree = "<group>"; };
		9D38574C1E819B1D000C4C6A /* TransitEstimateCell.swift */ = {isa = PBXFileReference; fileEncoding = 4; lastKnownFileType = sourcecode.swift; path = TransitEstimateCell.swift; sourceTree = "<group>"; };
		AE22F9FC5321DC0510DF5153 /* Pods-TranslinkGo.debug.xcconfig */ = {isa = PBXFileReference; includeInIndex = 1; lastKnownFileType = text.xcconfig; name = "Pods-TranslinkGo.debug.xcconfig"; path = "Pods/Target Support Files/Pods-TranslinkGo/Pods-TranslinkGo.debug.xcconfig"; sourceTree = "<group>"; };
		D29186E72FFE92D9E61EE27F /* Pods-TranslinkGo.release.xcconfig */ = {isa = PBXFileReference; includeInIndex = 1; lastKnownFileType = text.xcconfig; name = "Pods-TranslinkGo.release.xcconfig"; path = "Pods/Target Support Files/Pods-TranslinkGo/Pods-TranslinkGo.release.xcconfig"; sourceTree = "<group>"; };
/* End PBXFileReference section */

/* Begin PBXFrameworksBuildPhase section */
		9D3750C91E7C5BDC007F80B2 /* Frameworks */ = {
			isa = PBXFrameworksBuildPhase;
			buildActionMask = 2147483647;
			files = (
				B9FB91282A7CF8614F519844 /* Pods_TranslinkGo.framework in Frameworks */,
			);
			runOnlyForDeploymentPostprocessing = 0;
		};
/* End PBXFrameworksBuildPhase section */

/* Begin PBXGroup section */
		0E3EB5A53867CD7F648929A2 /* Pods */ = {
			isa = PBXGroup;
			children = (
				AE22F9FC5321DC0510DF5153 /* Pods-TranslinkGo.debug.xcconfig */,
				D29186E72FFE92D9E61EE27F /* Pods-TranslinkGo.release.xcconfig */,
			);
			name = Pods;
			sourceTree = "<group>";
		};
		9D3750C31E7C5BDC007F80B2 = {
			isa = PBXGroup;
			children = (
				9D3750CE1E7C5BDC007F80B2 /* TranslinkGo */,
				9D3750CD1E7C5BDC007F80B2 /* Products */,
				0E3EB5A53867CD7F648929A2 /* Pods */,
				CC5FCB1E8A251C75B199DB1C /* Frameworks */,
			);
			sourceTree = "<group>";
		};
		9D3750CD1E7C5BDC007F80B2 /* Products */ = {
			isa = PBXGroup;
			children = (
				9D3750CC1E7C5BDC007F80B2 /* TranslinkGo.app */,
			);
			name = Products;
			sourceTree = "<group>";
		};
		9D3750CE1E7C5BDC007F80B2 /* TranslinkGo */ = {
			isa = PBXGroup;
			children = (
				9D3857421E805998000C4C6A /* APIManager.swift */,
				9D3857401E805941000C4C6A /* Constants.swift */,
				9D3750CF1E7C5BDC007F80B2 /* AppDelegate.swift */,
				9D3750E11E7C5CCB007F80B2 /* MapViewController.swift */,
				9D38573D1E8041B1000C4C6A /* Models */,
				9D3750E31E7C5D0E007F80B2 /* Views */,
				9D3750D31E7C5BDC007F80B2 /* Main.storyboard */,
				9D3750D61E7C5BDC007F80B2 /* Assets.xcassets */,
				9D3750D81E7C5BDC007F80B2 /* LaunchScreen.storyboard */,
				9D3750DB1E7C5BDC007F80B2 /* Info.plist */,
			);
			path = TranslinkGo;
			sourceTree = "<group>";
		};
		9D3750E31E7C5D0E007F80B2 /* Views */ = {
			isa = PBXGroup;
			children = (
				9D3750E61E7C5FBF007F80B2 /* CoverMapTableView.swift */,
				9D3750E81E7C600C007F80B2 /* AddressSearchBar.swift */,
				9D3750EC1E7C64DC007F80B2 /* TranslinkLineCell.swift */,
				9D38574C1E819B1D000C4C6A /* TransitEstimateCell.swift */,
				9D3857481E809364000C4C6A /* BusStopLocAnnotation.swift */,
			);
			name = Views;
			sourceTree = "<group>";
		};
		9D38573D1E8041B1000C4C6A /* Models */ = {
			isa = PBXGroup;
			children = (
				9D38573E1E8041C7000C4C6A /* TransitLine.swift */,
				9D38574A1E80AC82000C4C6A /* TransitSchedule.swift */,
				9D3857441E8065A2000C4C6A /* BusStop.swift */,
				9D3857461E8065C2000C4C6A /* TransitStop.swift */,
			);
			name = Models;
			sourceTree = "<group>";
		};
		CC5FCB1E8A251C75B199DB1C /* Frameworks */ = {
			isa = PBXGroup;
			children = (
				70070EB5B2F85E9C6445C40E /* Pods_TranslinkGo.framework */,
			);
			name = Frameworks;
			sourceTree = "<group>";
		};
/* End PBXGroup section */

/* Begin PBXNativeTarget section */
		9D3750CB1E7C5BDC007F80B2 /* TranslinkGo */ = {
			isa = PBXNativeTarget;
			buildConfigurationList = 9D3750DE1E7C5BDC007F80B2 /* Build configuration list for PBXNativeTarget "TranslinkGo" */;
			buildPhases = (
				852B044794176A3AFF5DB43E /* [CP] Check Pods Manifest.lock */,
				9D3750C81E7C5BDC007F80B2 /* Sources */,
				9D3750C91E7C5BDC007F80B2 /* Frameworks */,
				9D3750CA1E7C5BDC007F80B2 /* Resources */,
				C0AA94791676EFF248170157 /* [CP] Embed Pods Frameworks */,
				63232B1E096E9F4FB19D7C38 /* [CP] Copy Pods Resources */,
			);
			buildRules = (
			);
			dependencies = (
			);
			name = TranslinkGo;
			productName = TranslinkGo;
			productReference = 9D3750CC1E7C5BDC007F80B2 /* TranslinkGo.app */;
			productType = "com.apple.product-type.application";
		};
/* End PBXNativeTarget section */

/* Begin PBXProject section */
		9D3750C41E7C5BDC007F80B2 /* Project object */ = {
			isa = PBXProject;
			attributes = {
				LastSwiftUpdateCheck = 0820;
				LastUpgradeCheck = 0820;
				ORGANIZATIONNAME = "Kevin Guo";
				TargetAttributes = {
					9D3750CB1E7C5BDC007F80B2 = {
						CreatedOnToolsVersion = 8.2.1;
						DevelopmentTeam = UQM34R2Q7G;
						ProvisioningStyle = Automatic;
					};
				};
			};
			buildConfigurationList = 9D3750C71E7C5BDC007F80B2 /* Build configuration list for PBXProject "TranslinkGo" */;
			compatibilityVersion = "Xcode 3.2";
			developmentRegion = English;
			hasScannedForEncodings = 0;
			knownRegions = (
				en,
				Base,
			);
			mainGroup = 9D3750C31E7C5BDC007F80B2;
			productRefGroup = 9D3750CD1E7C5BDC007F80B2 /* Products */;
			projectDirPath = "";
			projectRoot = "";
			targets = (
				9D3750CB1E7C5BDC007F80B2 /* TranslinkGo */,
			);
		};
/* End PBXProject section */

/* Begin PBXResourcesBuildPhase section */
		9D3750CA1E7C5BDC007F80B2 /* Resources */ = {
			isa = PBXResourcesBuildPhase;
			buildActionMask = 2147483647;
			files = (
				9D3750DA1E7C5BDC007F80B2 /* LaunchScreen.storyboard in Resources */,
				9D3750D71E7C5BDC007F80B2 /* Assets.xcassets in Resources */,
				9D3750D51E7C5BDC007F80B2 /* Main.storyboard in Resources */,
			);
			runOnlyForDeploymentPostprocessing = 0;
		};
/* End PBXResourcesBuildPhase section */

/* Begin PBXShellScriptBuildPhase section */
		63232B1E096E9F4FB19D7C38 /* [CP] Copy Pods Resources */ = {
			isa = PBXShellScriptBuildPhase;
			buildActionMask = 2147483647;
			files = (
			);
			inputPaths = (
			);
			name = "[CP] Copy Pods Resources";
			outputPaths = (
			);
			runOnlyForDeploymentPostprocessing = 0;
			shellPath = /bin/sh;
			shellScript = "\"${SRCROOT}/Pods/Target Support Files/Pods-TranslinkGo/Pods-TranslinkGo-resources.sh\"\n";
			showEnvVarsInLog = 0;
		};
		852B044794176A3AFF5DB43E /* [CP] Check Pods Manifest.lock */ = {
			isa = PBXShellScriptBuildPhase;
			buildActionMask = 2147483647;
			files = (
			);
			inputPaths = (
			);
			name = "[CP] Check Pods Manifest.lock";
			outputPaths = (
			);
			runOnlyForDeploymentPostprocessing = 0;
			shellPath = /bin/sh;
			shellScript = "diff \"${PODS_ROOT}/../Podfile.lock\" \"${PODS_ROOT}/Manifest.lock\" > /dev/null\nif [ $? != 0 ] ; then\n    # print error to STDERR\n    echo \"error: The sandbox is not in sync with the Podfile.lock. Run 'pod install' or update your CocoaPods installation.\" >&2\n    exit 1\nfi\n";
			showEnvVarsInLog = 0;
		};
		C0AA94791676EFF248170157 /* [CP] Embed Pods Frameworks */ = {
			isa = PBXShellScriptBuildPhase;
			buildActionMask = 2147483647;
			files = (
			);
			inputPaths = (
			);
			name = "[CP] Embed Pods Frameworks";
			outputPaths = (
			);
			runOnlyForDeploymentPostprocessing = 0;
			shellPath = /bin/sh;
			shellScript = "\"${SRCROOT}/Pods/Target Support Files/Pods-TranslinkGo/Pods-TranslinkGo-frameworks.sh\"\n";
			showEnvVarsInLog = 0;
		};
/* End PBXShellScriptBuildPhase section */

/* Begin PBXSourcesBuildPhase section */
		9D3750C81E7C5BDC007F80B2 /* Sources */ = {
			isa = PBXSourcesBuildPhase;
			buildActionMask = 2147483647;
			files = (
				9D3857431E805998000C4C6A /* APIManager.swift in Sources */,
				9D3750D01E7C5BDC007F80B2 /* AppDelegate.swift in Sources */,
				9D3750E71E7C5FBF007F80B2 /* CoverMapTableView.swift in Sources */,
				9D3750E91E7C600C007F80B2 /* AddressSearchBar.swift in Sources */,
				9D3857491E809364000C4C6A /* BusStopLocAnnotation.swift in Sources */,
				9D38574D1E819B1D000C4C6A /* TransitEstimateCell.swift in Sources */,
				9D38573F1E8041C7000C4C6A /* TransitLine.swift in Sources */,
				9D38574B1E80AC82000C4C6A /* TransitSchedule.swift in Sources */,
				9D3857411E805941000C4C6A /* Constants.swift in Sources */,
				9D3857451E8065A2000C4C6A /* BusStop.swift in Sources */,
				9D3857471E8065C2000C4C6A /* TransitStop.swift in Sources */,
				9D3750ED1E7C64DC007F80B2 /* TranslinkLineCell.swift in Sources */,
				9D3750E21E7C5CCB007F80B2 /* MapViewController.swift in Sources */,
			);
			runOnlyForDeploymentPostprocessing = 0;
		};
/* End PBXSourcesBuildPhase section */

/* Begin PBXVariantGroup section */
		9D3750D31E7C5BDC007F80B2 /* Main.storyboard */ = {
			isa = PBXVariantGroup;
			children = (
				9D3750D41E7C5BDC007F80B2 /* Base */,
			);
			name = Main.storyboard;
			sourceTree = "<group>";
		};
		9D3750D81E7C5BDC007F80B2 /* LaunchScreen.storyboard */ = {
			isa = PBXVariantGroup;
			children = (
				9D3750D91E7C5BDC007F80B2 /* Base */,
			);
			name = LaunchScreen.storyboard;
			sourceTree = "<group>";
		};
/* End PBXVariantGroup section */

/* Begin XCBuildConfiguration section */
		9D3750DC1E7C5BDC007F80B2 /* Debug */ = {
			isa = XCBuildConfiguration;
			buildSettings = {
				ALWAYS_SEARCH_USER_PATHS = NO;
				CLANG_ANALYZER_NONNULL = YES;
				CLANG_CXX_LANGUAGE_STANDARD = "gnu++0x";
				CLANG_CXX_LIBRARY = "libc++";
				CLANG_ENABLE_MODULES = YES;
				CLANG_ENABLE_OBJC_ARC = YES;
				CLANG_WARN_BOOL_CONVERSION = YES;
				CLANG_WARN_CONSTANT_CONVERSION = YES;
				CLANG_WARN_DIRECT_OBJC_ISA_USAGE = YES_ERROR;
				CLANG_WARN_DOCUMENTATION_COMMENTS = YES;
				CLANG_WARN_EMPTY_BODY = YES;
				CLANG_WARN_ENUM_CONVERSION = YES;
				CLANG_WARN_INFINITE_RECURSION = YES;
				CLANG_WARN_INT_CONVERSION = YES;
				CLANG_WARN_OBJC_ROOT_CLASS = YES_ERROR;
				CLANG_WARN_SUSPICIOUS_MOVE = YES;
				CLANG_WARN_UNREACHABLE_CODE = YES;
				CLANG_WARN__DUPLICATE_METHOD_MATCH = YES;
				"CODE_SIGN_IDENTITY[sdk=iphoneos*]" = "iPhone Developer";
				COPY_PHASE_STRIP = NO;
				DEBUG_INFORMATION_FORMAT = dwarf;
				ENABLE_STRICT_OBJC_MSGSEND = YES;
				ENABLE_TESTABILITY = YES;
				GCC_C_LANGUAGE_STANDARD = gnu99;
				GCC_DYNAMIC_NO_PIC = NO;
				GCC_NO_COMMON_BLOCKS = YES;
				GCC_OPTIMIZATION_LEVEL = 0;
				GCC_PREPROCESSOR_DEFINITIONS = (
					"DEBUG=1",
					"$(inherited)",
				);
				GCC_WARN_64_TO_32_BIT_CONVERSION = YES;
				GCC_WARN_ABOUT_RETURN_TYPE = YES_ERROR;
				GCC_WARN_UNDECLARED_SELECTOR = YES;
				GCC_WARN_UNINITIALIZED_AUTOS = YES_AGGRESSIVE;
				GCC_WARN_UNUSED_FUNCTION = YES;
				GCC_WARN_UNUSED_VARIABLE = YES;
				IPHONEOS_DEPLOYMENT_TARGET = 10.2;
				MTL_ENABLE_DEBUG_INFO = YES;
				ONLY_ACTIVE_ARCH = YES;
				SDKROOT = iphoneos;
				SWIFT_ACTIVE_COMPILATION_CONDITIONS = DEBUG;
				SWIFT_OPTIMIZATION_LEVEL = "-Onone";
			};
			name = Debug;
		};
		9D3750DD1E7C5BDC007F80B2 /* Release */ = {
			isa = XCBuildConfiguration;
			buildSettings = {
				ALWAYS_SEARCH_USER_PATHS = NO;
				CLANG_ANALYZER_NONNULL = YES;
				CLANG_CXX_LANGUAGE_STANDARD = "gnu++0x";
				CLANG_CXX_LIBRARY = "libc++";
				CLANG_ENABLE_MODULES = YES;
				CLANG_ENABLE_OBJC_ARC = YES;
				CLANG_WARN_BOOL_CONVERSION = YES;
				CLANG_WARN_CONSTANT_CONVERSION = YES;
				CLANG_WARN_DIRECT_OBJC_ISA_USAGE = YES_ERROR;
				CLANG_WARN_DOCUMENTATION_COMMENTS = YES;
				CLANG_WARN_EMPTY_BODY = YES;
				CLANG_WARN_ENUM_CONVERSION = YES;
				CLANG_WARN_INFINITE_RECURSION = YES;
				CLANG_WARN_INT_CONVERSION = YES;
				CLANG_WARN_OBJC_ROOT_CLASS = YES_ERROR;
				CLANG_WARN_SUSPICIOUS_MOVE = YES;
				CLANG_WARN_UNREACHABLE_CODE = YES;
				CLANG_WARN__DUPLICATE_METHOD_MATCH = YES;
				"CODE_SIGN_IDENTITY[sdk=iphoneos*]" = "iPhone Developer";
				COPY_PHASE_STRIP = NO;
				DEBUG_INFORMATION_FORMAT = "dwarf-with-dsym";
				ENABLE_NS_ASSERTIONS = NO;
				ENABLE_STRICT_OBJC_MSGSEND = YES;
				GCC_C_LANGUAGE_STANDARD = gnu99;
				GCC_NO_COMMON_BLOCKS = YES;
				GCC_WARN_64_TO_32_BIT_CONVERSION = YES;
				GCC_WARN_ABOUT_RETURN_TYPE = YES_ERROR;
				GCC_WARN_UNDECLARED_SELECTOR = YES;
				GCC_WARN_UNINITIALIZED_AUTOS = YES_AGGRESSIVE;
				GCC_WARN_UNUSED_FUNCTION = YES;
				GCC_WARN_UNUSED_VARIABLE = YES;
				IPHONEOS_DEPLOYMENT_TARGET = 10.2;
				MTL_ENABLE_DEBUG_INFO = NO;
				SDKROOT = iphoneos;
				SWIFT_OPTIMIZATION_LEVEL = "-Owholemodule";
				VALIDATE_PRODUCT = YES;
			};
			name = Release;
		};
		9D3750DF1E7C5BDC007F80B2 /* Debug */ = {
			isa = XCBuildConfiguration;
			baseConfigurationReference = AE22F9FC5321DC0510DF5153 /* Pods-TranslinkGo.debug.xcconfig */;
			buildSettings = {
				ASSETCATALOG_COMPILER_APPICON_NAME = AppIcon;
				DEVELOPMENT_TEAM = UQM34R2Q7G;
				INFOPLIST_FILE = TranslinkGo/Info.plist;
				IPHONEOS_DEPLOYMENT_TARGET = 9.0;
				LD_RUNPATH_SEARCH_PATHS = "$(inherited) @executable_path/Frameworks";
				PRODUCT_BUNDLE_IDENTIFIER = com.kguo.TranslinkGo;
				PRODUCT_NAME = "$(TARGET_NAME)";
				SWIFT_VERSION = 3.0;
			};
			name = Debug;
		};
		9D3750E01E7C5BDC007F80B2 /* Release */ = {
			isa = XCBuildConfiguration;
			baseConfigurationReference = D29186E72FFE92D9E61EE27F /* Pods-TranslinkGo.release.xcconfig */;
			buildSettings = {
				ASSETCATALOG_COMPILER_APPICON_NAME = AppIcon;
				DEVELOPMENT_TEAM = UQM34R2Q7G;
				INFOPLIST_FILE = TranslinkGo/Info.plist;
				IPHONEOS_DEPLOYMENT_TARGET = 9.0;
				LD_RUNPATH_SEARCH_PATHS = "$(inherited) @executable_path/Frameworks";
				PRODUCT_BUNDLE_IDENTIFIER = com.kguo.TranslinkGo;
				PRODUCT_NAME = "$(TARGET_NAME)";
				SWIFT_VERSION = 3.0;
			};
			name = Release;
		};
/* End XCBuildConfiguration section */

/* Begin XCConfigurationList section */
		9D3750C71E7C5BDC007F80B2 /* Build configuration list for PBXProject "TranslinkGo" */ = {
			isa = XCConfigurationList;
			buildConfigurations = (
				9D3750DC1E7C5BDC007F80B2 /* Debug */,
				9D3750DD1E7C5BDC007F80B2 /* Release */,
			);
			defaultConfigurationIsVisible = 0;
			defaultConfigurationName = Release;
		};
		9D3750DE1E7C5BDC007F80B2 /* Build configuration list for PBXNativeTarget "TranslinkGo" */ = {
			isa = XCConfigurationList;
			buildConfigurations = (
				9D3750DF1E7C5BDC007F80B2 /* Debug */,
				9D3750E01E7C5BDC007F80B2 /* Release */,
			);
			defaultConfigurationIsVisible = 0;
			defaultConfigurationName = Release;
		};
/* End XCConfigurationList section */
	};
	rootObject = 9D3750C41E7C5BDC007F80B2 /* Project object */;
}
